// !$*UTF8*$!
{
	archiveVersion = 1;
	classes = {
	};
	objectVersion = 56;
	objects = {

/* Begin PBXBuildFile section */
		713B12E829401F2D004BEE2D /* main.swift in Sources */ = {isa = PBXBuildFile; fileRef = 713B12E729401F2D004BEE2D /* main.swift */; };
		713B12F62940203A004BEE2D /* HotAppsLauncher.app in CopyFiles */ = {isa = PBXBuildFile; fileRef = 713B12E529401F2D004BEE2D /* HotAppsLauncher.app */; settings = {ATTRIBUTES = (RemoveHeadersOnCopy, ); }; };
		713B12F929402063004BEE2D /* ServiceManagement.framework in Frameworks */ = {isa = PBXBuildFile; fileRef = 713B12F829402063004BEE2D /* ServiceManagement.framework */; };
		7183326A2946F8AF00BE86C8 /* Localizable.strings in Resources */ = {isa = PBXBuildFile; fileRef = 7183326C2946F8AF00BE86C8 /* Localizable.strings */; };
		718D9E80293AB6270029CCA5 /* Settings.swift in Sources */ = {isa = PBXBuildFile; fileRef = 718D9E7F293AB6270029CCA5 /* Settings.swift */; };
		71E9A66129344F8A006C8926 /* AppDelegate.swift in Sources */ = {isa = PBXBuildFile; fileRef = 71E9A66029344F8A006C8926 /* AppDelegate.swift */; };
		71E9A66529344F8A006C8926 /* Assets.xcassets in Resources */ = {isa = PBXBuildFile; fileRef = 71E9A66429344F8A006C8926 /* Assets.xcassets */; };
		71E9A67029346CF4006C8926 /* main.swift in Sources */ = {isa = PBXBuildFile; fileRef = 71E9A66F29346CF4006C8926 /* main.swift */; };
		71E9A6722935199D006C8926 /* StatusBar.swift in Sources */ = {isa = PBXBuildFile; fileRef = 71E9A6712935199D006C8926 /* StatusBar.swift */; };
		71E9A67429351AA6006C8926 /* AboutApp.swift in Sources */ = {isa = PBXBuildFile; fileRef = 71E9A67329351AA6006C8926 /* AboutApp.swift */; };
/* End PBXBuildFile section */

/* Begin PBXContainerItemProxy section */
		71B75B2C294079C8003E34F7 /* PBXContainerItemProxy */ = {
			isa = PBXContainerItemProxy;
			containerPortal = 71E9A65529344F8A006C8926 /* Project object */;
			proxyType = 1;
			remoteGlobalIDString = 713B12E429401F2D004BEE2D;
			remoteInfo = HotAppsLauncher;
		};
/* End PBXContainerItemProxy section */

/* Begin PBXCopyFilesBuildPhase section */
		713B12F429401FCC004BEE2D /* CopyFiles */ = {
			isa = PBXCopyFilesBuildPhase;
			buildActionMask = 2147483647;
			dstPath = Contents/Library/LoginItems;
			dstSubfolderSpec = 1;
			files = (
				713B12F62940203A004BEE2D /* HotAppsLauncher.app in CopyFiles */,
			);
			runOnlyForDeploymentPostprocessing = 0;
		};
/* End PBXCopyFilesBuildPhase section */

/* Begin PBXFileReference section */
		713B12E529401F2D004BEE2D /* HotAppsLauncher.app */ = {isa = PBXFileReference; explicitFileType = wrapper.application; includeInIndex = 0; path = HotAppsLauncher.app; sourceTree = BUILT_PRODUCTS_DIR; };
		713B12E729401F2D004BEE2D /* main.swift */ = {isa = PBXFileReference; lastKnownFileType = sourcecode.swift; path = main.swift; sourceTree = "<group>"; };
		713B12F029401F2E004BEE2D /* HotAppsLauncher.entitlements */ = {isa = PBXFileReference; lastKnownFileType = text.plist.entitlements; path = HotAppsLauncher.entitlements; sourceTree = "<group>"; };
		713B12F829402063004BEE2D /* ServiceManagement.framework */ = {isa = PBXFileReference; lastKnownFileType = wrapper.framework; name = ServiceManagement.framework; path = System/Library/Frameworks/ServiceManagement.framework; sourceTree = SDKROOT; };
		7183326B2946F8AF00BE86C8 /* de */ = {isa = PBXFileReference; lastKnownFileType = text.plist.strings; name = de; path = de.lproj/Localizable.strings; sourceTree = "<group>"; };
		7183326D2946F8DF00BE86C8 /* en */ = {isa = PBXFileReference; lastKnownFileType = text.plist.strings; name = en; path = en.lproj/Localizable.strings; sourceTree = "<group>"; };
		718D9E7F293AB6270029CCA5 /* Settings.swift */ = {isa = PBXFileReference; lastKnownFileType = sourcecode.swift; path = Settings.swift; sourceTree = "<group>"; };
		71E9A65D29344F8A006C8926 /* HotApps.app */ = {isa = PBXFileReference; explicitFileType = wrapper.application; includeInIndex = 0; path = HotApps.app; sourceTree = BUILT_PRODUCTS_DIR; };
		71E9A66029344F8A006C8926 /* AppDelegate.swift */ = {isa = PBXFileReference; lastKnownFileType = sourcecode.swift; path = AppDelegate.swift; sourceTree = "<group>"; };
		71E9A66429344F8A006C8926 /* Assets.xcassets */ = {isa = PBXFileReference; lastKnownFileType = folder.assetcatalog; path = Assets.xcassets; sourceTree = "<group>"; };
		71E9A66929344F8A006C8926 /* HotApps.entitlements */ = {isa = PBXFileReference; lastKnownFileType = text.plist.entitlements; path = HotApps.entitlements; sourceTree = "<group>"; };
		71E9A66F29346CF4006C8926 /* main.swift */ = {isa = PBXFileReference; lastKnownFileType = sourcecode.swift; path = main.swift; sourceTree = "<group>"; };
		71E9A6712935199D006C8926 /* StatusBar.swift */ = {isa = PBXFileReference; lastKnownFileType = sourcecode.swift; path = StatusBar.swift; sourceTree = "<group>"; };
		71E9A67329351AA6006C8926 /* AboutApp.swift */ = {isa = PBXFileReference; lastKnownFileType = sourcecode.swift; path = AboutApp.swift; sourceTree = "<group>"; };
/* End PBXFileReference section */

/* Begin PBXFrameworksBuildPhase section */
		713B12E229401F2D004BEE2D /* Frameworks */ = {
			isa = PBXFrameworksBuildPhase;
			buildActionMask = 2147483647;
			files = (
			);
			runOnlyForDeploymentPostprocessing = 0;
		};
		71E9A65A29344F8A006C8926 /* Frameworks */ = {
			isa = PBXFrameworksBuildPhase;
			buildActionMask = 2147483647;
			files = (
				713B12F929402063004BEE2D /* ServiceManagement.framework in Frameworks */,
			);
			runOnlyForDeploymentPostprocessing = 0;
		};
/* End PBXFrameworksBuildPhase section */

/* Begin PBXGroup section */
		713B12E629401F2D004BEE2D /* HotAppsLauncher */ = {
			isa = PBXGroup;
			children = (
				713B12E729401F2D004BEE2D /* main.swift */,
				713B12F029401F2E004BEE2D /* HotAppsLauncher.entitlements */,
			);
			path = HotAppsLauncher;
			sourceTree = "<group>";
		};
		713B12F729402063004BEE2D /* Frameworks */ = {
			isa = PBXGroup;
			children = (
				713B12F829402063004BEE2D /* ServiceManagement.framework */,
			);
			name = Frameworks;
			sourceTree = "<group>";
		};
		71E9A65429344F8A006C8926 = {
			isa = PBXGroup;
			children = (
				71E9A65F29344F8A006C8926 /* HotApps */,
				713B12E629401F2D004BEE2D /* HotAppsLauncher */,
				71E9A65E29344F8A006C8926 /* Products */,
				713B12F729402063004BEE2D /* Frameworks */,
			);
			sourceTree = "<group>";
		};
		71E9A65E29344F8A006C8926 /* Products */ = {
			isa = PBXGroup;
			children = (
				71E9A65D29344F8A006C8926 /* HotApps.app */,
				713B12E529401F2D004BEE2D /* HotAppsLauncher.app */,
			);
			name = Products;
			sourceTree = "<group>";
		};
		71E9A65F29344F8A006C8926 /* HotApps */ = {
			isa = PBXGroup;
			children = (
				71E9A66029344F8A006C8926 /* AppDelegate.swift */,
				71E9A67329351AA6006C8926 /* AboutApp.swift */,
				718D9E7F293AB6270029CCA5 /* Settings.swift */,
				71E9A6712935199D006C8926 /* StatusBar.swift */,
				71E9A66F29346CF4006C8926 /* main.swift */,
				71E9A66429344F8A006C8926 /* Assets.xcassets */,
				71E9A66929344F8A006C8926 /* HotApps.entitlements */,
				7183326C2946F8AF00BE86C8 /* Localizable.strings */,
			);
			path = HotApps;
			sourceTree = "<group>";
		};
/* End PBXGroup section */

/* Begin PBXNativeTarget section */
		713B12E429401F2D004BEE2D /* HotAppsLauncher */ = {
			isa = PBXNativeTarget;
			buildConfigurationList = 713B12F329401F2E004BEE2D /* Build configuration list for PBXNativeTarget "HotAppsLauncher" */;
			buildPhases = (
				713B12E129401F2D004BEE2D /* Sources */,
				713B12E229401F2D004BEE2D /* Frameworks */,
				713B12E329401F2D004BEE2D /* Resources */,
			);
			buildRules = (
			);
			dependencies = (
			);
			name = HotAppsLauncher;
			productName = HotAppsLauncher;
			productReference = 713B12E529401F2D004BEE2D /* HotAppsLauncher.app */;
			productType = "com.apple.product-type.application";
		};
		71E9A65C29344F8A006C8926 /* HotApps */ = {
			isa = PBXNativeTarget;
			buildConfigurationList = 71E9A66C29344F8A006C8926 /* Build configuration list for PBXNativeTarget "HotApps" */;
			buildPhases = (
				71E9A65929344F8A006C8926 /* Sources */,
				71E9A65A29344F8A006C8926 /* Frameworks */,
				71E9A65B29344F8A006C8926 /* Resources */,
				718D9EA0293DAFED0029CCA5 /* Archive app */,
				713B12F429401FCC004BEE2D /* CopyFiles */,
			);
			buildRules = (
			);
			dependencies = (
				71B75B2D294079C8003E34F7 /* PBXTargetDependency */,
			);
			name = HotApps;
			productName = HotApps;
			productReference = 71E9A65D29344F8A006C8926 /* HotApps.app */;
			productType = "com.apple.product-type.application";
		};
/* End PBXNativeTarget section */

/* Begin PBXProject section */
		71E9A65529344F8A006C8926 /* Project object */ = {
			isa = PBXProject;
			attributes = {
				BuildIndependentTargetsInParallel = 1;
				LastSwiftUpdateCheck = 1400;
				LastUpgradeCheck = 1400;
				ORGANIZATIONNAME = SkyrilHD;
				TargetAttributes = {
					713B12E429401F2D004BEE2D = {
						CreatedOnToolsVersion = 14.0.1;
					};
					71E9A65C29344F8A006C8926 = {
						CreatedOnToolsVersion = 14.0.1;
					};
				};
			};
			buildConfigurationList = 71E9A65829344F8A006C8926 /* Build configuration list for PBXProject "HotApps" */;
			compatibilityVersion = "Xcode 14.0";
			developmentRegion = en;
			hasScannedForEncodings = 0;
			knownRegions = (
				en,
				Base,
				de,
			);
			mainGroup = 71E9A65429344F8A006C8926;
			productRefGroup = 71E9A65E29344F8A006C8926 /* Products */;
			projectDirPath = "";
			projectRoot = "";
			targets = (
				71E9A65C29344F8A006C8926 /* HotApps */,
				713B12E429401F2D004BEE2D /* HotAppsLauncher */,
			);
		};
/* End PBXProject section */

/* Begin PBXResourcesBuildPhase section */
		713B12E329401F2D004BEE2D /* Resources */ = {
			isa = PBXResourcesBuildPhase;
			buildActionMask = 2147483647;
			files = (
			);
			runOnlyForDeploymentPostprocessing = 0;
		};
		71E9A65B29344F8A006C8926 /* Resources */ = {
			isa = PBXResourcesBuildPhase;
			buildActionMask = 2147483647;
			files = (
				71E9A66529344F8A006C8926 /* Assets.xcassets in Resources */,
				7183326A2946F8AF00BE86C8 /* Localizable.strings in Resources */,
			);
			runOnlyForDeploymentPostprocessing = 0;
		};
/* End PBXResourcesBuildPhase section */

/* Begin PBXShellScriptBuildPhase section */
		718D9EA0293DAFED0029CCA5 /* Archive app */ = {
			isa = PBXShellScriptBuildPhase;
			alwaysOutOfDate = 1;
			buildActionMask = 2147483647;
			files = (
			);
			inputFileListPaths = (
			);
			inputPaths = (
			);
			name = "Archive app";
			outputFileListPaths = (
			);
			outputPaths = (
			);
			runOnlyForDeploymentPostprocessing = 0;
			shellPath = /bin/sh;
			shellScript = "cd \"${TARGET_BUILD_DIR}\"\ndist=(\"$FULL_PRODUCT_NAME\")\nif [ -d \"$DWARF_DSYM_FILE_NAME\" ]; then\n  rm -rf dSYM\n  mkdir dSYM\n  mv \"$DWARF_DSYM_FILE_NAME\" dSYM/\n  find ${FULL_PRODUCT_NAME} -name *.dSYM -exec mv {} dSYM/ \\;\n  dist+=(dSYM);\nfi\n\narchive=\"${PRODUCT_NAME}-${MARKETING_VERSION}-$(echo $CONFIGURATION | tr /a-z/ /A-Z/).zip\"\nrm -rf *.zip\nzip -qry -FS \"${archive}\" \"${dist[@]}\"\n";
		};
/* End PBXShellScriptBuildPhase section */

/* Begin PBXSourcesBuildPhase section */
		713B12E129401F2D004BEE2D /* Sources */ = {
			isa = PBXSourcesBuildPhase;
			buildActionMask = 2147483647;
			files = (
				713B12E829401F2D004BEE2D /* main.swift in Sources */,
			);
			runOnlyForDeploymentPostprocessing = 0;
		};
		71E9A65929344F8A006C8926 /* Sources */ = {
			isa = PBXSourcesBuildPhase;
			buildActionMask = 2147483647;
			files = (
				718D9E80293AB6270029CCA5 /* Settings.swift in Sources */,
				71E9A6722935199D006C8926 /* StatusBar.swift in Sources */,
				71E9A67429351AA6006C8926 /* AboutApp.swift in Sources */,
				71E9A67029346CF4006C8926 /* main.swift in Sources */,
				71E9A66129344F8A006C8926 /* AppDelegate.swift in Sources */,
			);
			runOnlyForDeploymentPostprocessing = 0;
		};
/* End PBXSourcesBuildPhase section */

/* Begin PBXTargetDependency section */
		71B75B2D294079C8003E34F7 /* PBXTargetDependency */ = {
			isa = PBXTargetDependency;
			target = 713B12E429401F2D004BEE2D /* HotAppsLauncher */;
			targetProxy = 71B75B2C294079C8003E34F7 /* PBXContainerItemProxy */;
		};
/* End PBXTargetDependency section */

/* Begin PBXVariantGroup section */
		7183326C2946F8AF00BE86C8 /* Localizable.strings */ = {
			isa = PBXVariantGroup;
			children = (
				7183326B2946F8AF00BE86C8 /* de */,
				7183326D2946F8DF00BE86C8 /* en */,
			);
			name = Localizable.strings;
			sourceTree = "<group>";
		};
/* End PBXVariantGroup section */

/* Begin XCBuildConfiguration section */
		713B12F129401F2E004BEE2D /* Debug */ = {
			isa = XCBuildConfiguration;
			buildSettings = {
				ASSETCATALOG_COMPILER_APPICON_NAME = AppIcon;
				ASSETCATALOG_COMPILER_GLOBAL_ACCENT_COLOR_NAME = AccentColor;
				CODE_SIGN_ENTITLEMENTS = HotAppsLauncher/HotAppsLauncher.entitlements;
				CODE_SIGN_STYLE = Automatic;
				COMBINE_HIDPI_IMAGES = YES;
				CURRENT_PROJECT_VERSION = 1;
				GENERATE_INFOPLIST_FILE = YES;
				INFOPLIST_KEY_LSBackgroundOnly = YES;
				INFOPLIST_KEY_NSHumanReadableCopyright = "";
				INFOPLIST_KEY_NSPrincipalClass = NSApplication;
				LD_RUNPATH_SEARCH_PATHS = (
					"$(inherited)",
					"@executable_path/../Frameworks",
				);
				MACOSX_DEPLOYMENT_TARGET = 10.9;
				MARKETING_VERSION = 1.0;
				PRODUCT_BUNDLE_IDENTIFIER = com.skyrilhd.HotAppsLauncher;
				PRODUCT_NAME = "$(TARGET_NAME)";
				SWIFT_EMIT_LOC_STRINGS = YES;
				SWIFT_VERSION = 5.0;
			};
			name = Debug;
		};
		713B12F229401F2E004BEE2D /* Release */ = {
			isa = XCBuildConfiguration;
			buildSettings = {
				ASSETCATALOG_COMPILER_APPICON_NAME = AppIcon;
				ASSETCATALOG_COMPILER_GLOBAL_ACCENT_COLOR_NAME = AccentColor;
				CODE_SIGN_ENTITLEMENTS = HotAppsLauncher/HotAppsLauncher.entitlements;
				CODE_SIGN_STYLE = Automatic;
				COMBINE_HIDPI_IMAGES = YES;
				CURRENT_PROJECT_VERSION = 1;
				GENERATE_INFOPLIST_FILE = YES;
				INFOPLIST_KEY_LSBackgroundOnly = YES;
				INFOPLIST_KEY_NSHumanReadableCopyright = "";
				INFOPLIST_KEY_NSPrincipalClass = NSApplication;
				LD_RUNPATH_SEARCH_PATHS = (
					"$(inherited)",
					"@executable_path/../Frameworks",
				);
				MACOSX_DEPLOYMENT_TARGET = 10.9;
				MARKETING_VERSION = 1.0;
				PRODUCT_BUNDLE_IDENTIFIER = com.skyrilhd.HotAppsLauncher;
				PRODUCT_NAME = "$(TARGET_NAME)";
				SWIFT_EMIT_LOC_STRINGS = YES;
				SWIFT_VERSION = 5.0;
			};
			name = Release;
		};
		71E9A66A29344F8A006C8926 /* Debug */ = {
			isa = XCBuildConfiguration;
			buildSettings = {
				ALWAYS_SEARCH_USER_PATHS = NO;
				ARCHS = x86_64;
				CLANG_ANALYZER_NONNULL = YES;
				CLANG_ANALYZER_NUMBER_OBJECT_CONVERSION = YES_AGGRESSIVE;
				CLANG_CXX_LANGUAGE_STANDARD = "gnu++20";
				CLANG_ENABLE_MODULES = YES;
				CLANG_ENABLE_OBJC_ARC = YES;
				CLANG_ENABLE_OBJC_WEAK = YES;
				CLANG_WARN_BLOCK_CAPTURE_AUTORELEASING = YES;
				CLANG_WARN_BOOL_CONVERSION = YES;
				CLANG_WARN_COMMA = YES;
				CLANG_WARN_CONSTANT_CONVERSION = YES;
				CLANG_WARN_DEPRECATED_OBJC_IMPLEMENTATIONS = YES;
				CLANG_WARN_DIRECT_OBJC_ISA_USAGE = YES_ERROR;
				CLANG_WARN_DOCUMENTATION_COMMENTS = YES;
				CLANG_WARN_EMPTY_BODY = YES;
				CLANG_WARN_ENUM_CONVERSION = YES;
				CLANG_WARN_INFINITE_RECURSION = YES;
				CLANG_WARN_INT_CONVERSION = YES;
				CLANG_WARN_NON_LITERAL_NULL_CONVERSION = YES;
				CLANG_WARN_OBJC_IMPLICIT_RETAIN_SELF = YES;
				CLANG_WARN_OBJC_LITERAL_CONVERSION = YES;
				CLANG_WARN_OBJC_ROOT_CLASS = YES_ERROR;
				CLANG_WARN_QUOTED_INCLUDE_IN_FRAMEWORK_HEADER = YES;
				CLANG_WARN_RANGE_LOOP_ANALYSIS = YES;
				CLANG_WARN_STRICT_PROTOTYPES = YES;
				CLANG_WARN_SUSPICIOUS_MOVE = YES;
				CLANG_WARN_UNGUARDED_AVAILABILITY = YES_AGGRESSIVE;
				CLANG_WARN_UNREACHABLE_CODE = YES;
				CLANG_WARN__DUPLICATE_METHOD_MATCH = YES;
				COPY_PHASE_STRIP = NO;
				DEBUG_INFORMATION_FORMAT = dwarf;
				ENABLE_STRICT_OBJC_MSGSEND = YES;
				ENABLE_TESTABILITY = YES;
				GCC_C_LANGUAGE_STANDARD = gnu11;
				GCC_DYNAMIC_NO_PIC = NO;
				GCC_NO_COMMON_BLOCKS = YES;
				GCC_OPTIMIZATION_LEVEL = 0;
				GCC_PREPROCESSOR_DEFINITIONS = (
					"DEBUG=1",
					"$(inherited)",
				);
				GCC_WARN_64_TO_32_BIT_CONVERSION = YES;
				GCC_WARN_ABOUT_RETURN_TYPE = YES_ERROR;
				GCC_WARN_UNDECLARED_SELECTOR = YES;
				GCC_WARN_UNINITIALIZED_AUTOS = YES_AGGRESSIVE;
				GCC_WARN_UNUSED_FUNCTION = YES;
				GCC_WARN_UNUSED_VARIABLE = YES;
				MACOSX_DEPLOYMENT_TARGET = 10.9;
				MTL_ENABLE_DEBUG_INFO = INCLUDE_SOURCE;
				MTL_FAST_MATH = YES;
				ONLY_ACTIVE_ARCH = YES;
				SDKROOT = macosx;
				SWIFT_ACTIVE_COMPILATION_CONDITIONS = DEBUG;
				SWIFT_OPTIMIZATION_LEVEL = "-Onone";
			};
			name = Debug;
		};
		71E9A66B29344F8A006C8926 /* Release */ = {
			isa = XCBuildConfiguration;
			buildSettings = {
				ALWAYS_SEARCH_USER_PATHS = NO;
				ARCHS = x86_64;
				CLANG_ANALYZER_NONNULL = YES;
				CLANG_ANALYZER_NUMBER_OBJECT_CONVERSION = YES_AGGRESSIVE;
				CLANG_CXX_LANGUAGE_STANDARD = "gnu++20";
				CLANG_ENABLE_MODULES = YES;
				CLANG_ENABLE_OBJC_ARC = YES;
				CLANG_ENABLE_OBJC_WEAK = YES;
				CLANG_WARN_BLOCK_CAPTURE_AUTORELEASING = YES;
				CLANG_WARN_BOOL_CONVERSION = YES;
				CLANG_WARN_COMMA = YES;
				CLANG_WARN_CONSTANT_CONVERSION = YES;
				CLANG_WARN_DEPRECATED_OBJC_IMPLEMENTATIONS = YES;
				CLANG_WARN_DIRECT_OBJC_ISA_USAGE = YES_ERROR;
				CLANG_WARN_DOCUMENTATION_COMMENTS = YES;
				CLANG_WARN_EMPTY_BODY = YES;
				CLANG_WARN_ENUM_CONVERSION = YES;
				CLANG_WARN_INFINITE_RECURSION = YES;
				CLANG_WARN_INT_CONVERSION = YES;
				CLANG_WARN_NON_LITERAL_NULL_CONVERSION = YES;
				CLANG_WARN_OBJC_IMPLICIT_RETAIN_SELF = YES;
				CLANG_WARN_OBJC_LITERAL_CONVERSION = YES;
				CLANG_WARN_OBJC_ROOT_CLASS = YES_ERROR;
				CLANG_WARN_QUOTED_INCLUDE_IN_FRAMEWORK_HEADER = YES;
				CLANG_WARN_RANGE_LOOP_ANALYSIS = YES;
				CLANG_WARN_STRICT_PROTOTYPES = YES;
				CLANG_WARN_SUSPICIOUS_MOVE = YES;
				CLANG_WARN_UNGUARDED_AVAILABILITY = YES_AGGRESSIVE;
				CLANG_WARN_UNREACHABLE_CODE = YES;
				CLANG_WARN__DUPLICATE_METHOD_MATCH = YES;
				COPY_PHASE_STRIP = NO;
				DEBUG_INFORMATION_FORMAT = "dwarf-with-dsym";
				ENABLE_NS_ASSERTIONS = NO;
				ENABLE_STRICT_OBJC_MSGSEND = YES;
				GCC_C_LANGUAGE_STANDARD = gnu11;
				GCC_NO_COMMON_BLOCKS = YES;
				GCC_WARN_64_TO_32_BIT_CONVERSION = YES;
				GCC_WARN_ABOUT_RETURN_TYPE = YES_ERROR;
				GCC_WARN_UNDECLARED_SELECTOR = YES;
				GCC_WARN_UNINITIALIZED_AUTOS = YES_AGGRESSIVE;
				GCC_WARN_UNUSED_FUNCTION = YES;
				GCC_WARN_UNUSED_VARIABLE = YES;
				MACOSX_DEPLOYMENT_TARGET = 10.9;
				MTL_ENABLE_DEBUG_INFO = NO;
				MTL_FAST_MATH = YES;
				SDKROOT = macosx;
				SWIFT_COMPILATION_MODE = wholemodule;
				SWIFT_OPTIMIZATION_LEVEL = "-O";
			};
			name = Release;
		};
		71E9A66D29344F8A006C8926 /* Debug */ = {
			isa = XCBuildConfiguration;
			buildSettings = {
				ASSETCATALOG_COMPILER_APPICON_NAME = AppIcon;
				ASSETCATALOG_COMPILER_GLOBAL_ACCENT_COLOR_NAME = AccentColor;
				ASSETCATALOG_COMPILER_INCLUDE_ALL_APPICON_ASSETS = NO;
				CODE_SIGN_ENTITLEMENTS = HotApps/HotApps.entitlements;
				CODE_SIGN_STYLE = Automatic;
				COMBINE_HIDPI_IMAGES = YES;
				CURRENT_PROJECT_VERSION = 1;
				GENERATE_INFOPLIST_FILE = YES;
				INFOPLIST_KEY_CFBundleDisplayName = HotApps;
				INFOPLIST_KEY_LSApplicationCategoryType = "public.app-category.utilities";
				INFOPLIST_KEY_NSHumanReadableCopyright = "";
				INFOPLIST_KEY_NSPrincipalClass = NSApplication;
				LD_RUNPATH_SEARCH_PATHS = (
					"$(inherited)",
					"@executable_path/../Frameworks",
				);
				MARKETING_VERSION = 0.4;
				PRODUCT_BUNDLE_IDENTIFIER = com.skyrilhd.HotApps;
				PRODUCT_NAME = "$(TARGET_NAME)";
				SWIFT_EMIT_LOC_STRINGS = YES;
				SWIFT_VERSION = 5.0;
			};
			name = Debug;
		};
		71E9A66E29344F8A006C8926 /* Release */ = {
			isa = XCBuildConfiguration;
			buildSettings = {
				ASSETCATALOG_COMPILER_APPICON_NAME = AppIcon;
				ASSETCATALOG_COMPILER_GLOBAL_ACCENT_COLOR_NAME = AccentColor;
				ASSETCATALOG_COMPILER_INCLUDE_ALL_APPICON_ASSETS = NO;
				CODE_SIGN_ENTITLEMENTS = HotApps/HotApps.entitlements;
				CODE_SIGN_STYLE = Automatic;
				COMBINE_HIDPI_IMAGES = YES;
				CURRENT_PROJECT_VERSION = 1;
				GENERATE_INFOPLIST_FILE = YES;
				INFOPLIST_KEY_CFBundleDisplayName = HotApps;
				INFOPLIST_KEY_LSApplicationCategoryType = "public.app-category.utilities";
				INFOPLIST_KEY_NSHumanReadableCopyright = "";
				INFOPLIST_KEY_NSPrincipalClass = NSApplication;
				LD_RUNPATH_SEARCH_PATHS = (
					"$(inherited)",
					"@executable_path/../Frameworks",
				);
				MARKETING_VERSION = 0.4;
				PRODUCT_BUNDLE_IDENTIFIER = com.skyrilhd.HotApps;
				PRODUCT_NAME = "$(TARGET_NAME)";
				SWIFT_EMIT_LOC_STRINGS = YES;
				SWIFT_VERSION = 5.0;
			};
			name = Release;
		};
/* End XCBuildConfiguration section */

/* Begin XCConfigurationList section */
		713B12F329401F2E004BEE2D /* Build configuration list for PBXNativeTarget "HotAppsLauncher" */ = {
			isa = XCConfigurationList;
			buildConfigurations = (
				713B12F129401F2E004BEE2D /* Debug */,
				713B12F229401F2E004BEE2D /* Release */,
			);
			defaultConfigurationIsVisible = 0;
			defaultConfigurationName = Release;
		};
		71E9A65829344F8A006C8926 /* Build configuration list for PBXProject "HotApps" */ = {
			isa = XCConfigurationList;
			buildConfigurations = (
				71E9A66A29344F8A006C8926 /* Debug */,
				71E9A66B29344F8A006C8926 /* Release */,
			);
			defaultConfigurationIsVisible = 0;
			defaultConfigurationName = Release;
		};
		71E9A66C29344F8A006C8926 /* Build configuration list for PBXNativeTarget "HotApps" */ = {
			isa = XCConfigurationList;
			buildConfigurations = (
				71E9A66D29344F8A006C8926 /* Debug */,
				71E9A66E29344F8A006C8926 /* Release */,
			);
			defaultConfigurationIsVisible = 0;
			defaultConfigurationName = Release;
		};
/* End XCConfigurationList section */
	};
	rootObject = 71E9A65529344F8A006C8926 /* Project object */;
}
